
Microsoft Visual Studio Solution File, Format Version 12.00
# Visual Studio Version 17
VisualStudioVersion = 17.7.34031.279
MinimumVisualStudioVersion = 10.0.40219.1
Project("{FAE04EC0-301F-11D3-BF4B-00C04F79EFBC}") = "CR_COMMAND_EXT_snow", "CR_COMMAND_EXT_snow.csproj", "{0EC9161B-A64D-4930-B69D-2B99109CD87C}"
EndProject
Global
	GlobalSection(SolutionConfigurationPlatforms) = preSolution
		Debug|Any CPU = Debug|Any CPU
		Release|Any CPU = Release|Any CPU
	EndGlobalSection
	GlobalSection(ProjectConfigurationPlatforms) = postSolution
		{0EC9161B-A64D-4930-B69D-2B99109CD87C}.Debug|Any CPU.ActiveCfg = Debug|Any CPU
		{0EC9161B-A64D-4930-B69D-2B99109CD87C}.Debug|Any CPU.Build.0 = Debug|Any CPU
		{0EC9161B-A64D-4930-B69D-2B99109CD87C}.Release|Any CPU.ActiveCfg = Release|Any CPU
		{0EC9161B-A64D-4930-B69D-2B99109CD87C}.Release|Any CPU.Build.0 = Release|Any CPU
	EndGlobalSection
	GlobalSection(SolutionProperties) = preSolution
		HideSolutionNode = FALSE
	EndGlobalSection
	GlobalSection(ExtensibilityGlobals) = postSolution
		SolutionGuid = {0B1C3178-192C-4809-8FE2-2150441EC732}
	EndGlobalSection
EndGlobal
